// !$*UTF8*$!
{
	archiveVersion = 1;
	classes = {
	};
	objectVersion = 48;
	objects = {

/* Begin PBXBuildFile section */
		000B7D88DE1A9D803ECEEC6A /* AccountsInteractorInput.swift in Sources */ = {isa = PBXBuildFile; fileRef = FBA253A708B3B3BF9B3B5891 /* AccountsInteractorInput.swift */; };
		045B9CB89B48348C6F74EEF6 /* AccountsInteractorOutput.swift in Sources */ = {isa = PBXBuildFile; fileRef = B04A6A61E2352F882A364CFA /* AccountsInteractorOutput.swift */; };
		06A2497D48B602C4BF1862C0 /* RestarauntsViewController.swift in Sources */ = {isa = PBXBuildFile; fileRef = 15D7D136CEBD033AB1554F12 /* RestarauntsViewController.swift */; };
		06CC99D410CADE72AC9DB49A /* BanksInteractorOutput.swift in Sources */ = {isa = PBXBuildFile; fileRef = 33CCBAABC4E2F82D2AAAE3E5 /* BanksInteractorOutput.swift */; };
		0826FBD944D162DB2DD00F87 /* ProductsInteractorInput.swift in Sources */ = {isa = PBXBuildFile; fileRef = 7F012694CD983A77D8EB54C3 /* ProductsInteractorInput.swift */; };
		0B3225E2FB57CEA99C038C34 /* AccountViewOutput.swift in Sources */ = {isa = PBXBuildFile; fileRef = F999FB34E3F6A17D7247C03F /* AccountViewOutput.swift */; };
		1844988464CBE171F6E2ECC0 /* AccountsViewController.swift in Sources */ = {isa = PBXBuildFile; fileRef = 35073CFBB238F5311EF773A4 /* AccountsViewController.swift */; };
		18F5EA43B17A41D64C4F00AE /* BanksInteractor.swift in Sources */ = {isa = PBXBuildFile; fileRef = 2C243417F92361E2910D2CC7 /* BanksInteractor.swift */; };
		1D361ADCCF5CC8DC79AA5DB1 /* AccountViewInput.swift in Sources */ = {isa = PBXBuildFile; fileRef = AB02FB77B5904EF271799313 /* AccountViewInput.swift */; };
		1EE7B9E7954802AEF8F36AC6 /* BanksInteractorInput.swift in Sources */ = {isa = PBXBuildFile; fileRef = 7DC6AA77A1279802B7404E2B /* BanksInteractorInput.swift */; };
		1F27E8842A91EA2898C62581 /* AccountRouterInput.swift in Sources */ = {isa = PBXBuildFile; fileRef = 33701842D3F7EB9EFAB429D3 /* AccountRouterInput.swift */; };
		20095B6BD202022F54343143 /* BanksRouterInput.swift in Sources */ = {isa = PBXBuildFile; fileRef = 4DC0F3F8C3B42BF4233EBCE5 /* BanksRouterInput.swift */; };
		24E24B76BF520D793585CADD /* BanksViewController.swift in Sources */ = {isa = PBXBuildFile; fileRef = C0EF2EC43C8591DD8BA8198F /* BanksViewController.swift */; };
		31BCAFDB2DD4E90E1A3BD700 /* RestarauntsConfigurator.swift in Sources */ = {isa = PBXBuildFile; fileRef = C6C7AAFF96E56D364FF81CF8 /* RestarauntsConfigurator.swift */; };
		34532C478749B843928CA92C /* AccountRouter.swift in Sources */ = {isa = PBXBuildFile; fileRef = C33604122AC65D9F3C46977E /* AccountRouter.swift */; };
		3A5678BE13F812A3BB1AC818 /* ProductsModuleInput.swift in Sources */ = {isa = PBXBuildFile; fileRef = 3784901BBCE2556B81A6F6DE /* ProductsModuleInput.swift */; };
		4511D38BA985837096359FF2 /* ProductsRouterInput.swift in Sources */ = {isa = PBXBuildFile; fileRef = 8AD5C7D5C20F2A00A27CF488 /* ProductsRouterInput.swift */; };
		4A015CA564F59450D106D2A9 /* AccountsInitializer.swift in Sources */ = {isa = PBXBuildFile; fileRef = 91CF99632B30B56C9F530EF6 /* AccountsInitializer.swift */; };
		4DC98C29FADC4A682B6BB170 /* ProductsInteractorOutput.swift in Sources */ = {isa = PBXBuildFile; fileRef = CD9BBD86974E992B6D95C156 /* ProductsInteractorOutput.swift */; };
		4FFBB0C6AF97274C77492184 /* AccountInteractorOutput.swift in Sources */ = {isa = PBXBuildFile; fileRef = EB93D9D106B54C32894745E1 /* AccountInteractorOutput.swift */; };
		57B2E4F16D076DC466682324 /* BanksRouter.swift in Sources */ = {isa = PBXBuildFile; fileRef = 43675A527B5B93517EC2E7B5 /* BanksRouter.swift */; };
		588B006D1CF5D1E327FA20FA /* RestarauntsViewOutput.swift in Sources */ = {isa = PBXBuildFile; fileRef = 7E5B05FF5D88ABD2B14BA2D8 /* RestarauntsViewOutput.swift */; };
		5DAE4AFFED37813F64CE1091 /* AccountsViewOutput.swift in Sources */ = {isa = PBXBuildFile; fileRef = DD32AC33693FFCB9855972C3 /* AccountsViewOutput.swift */; };
		5DBBEFD1579080D238353B6C /* AccountsPresenter.swift in Sources */ = {isa = PBXBuildFile; fileRef = 302D97C04C55F530DEA5868B /* AccountsPresenter.swift */; };
		61172F9FAB6A319FAB6AE079 /* BanksInitializer.swift in Sources */ = {isa = PBXBuildFile; fileRef = D69BF03D9DA4092C6D7BE4DC /* BanksInitializer.swift */; };
		6C206F88221DE883D53B49B6 /* AccountInitializer.swift in Sources */ = {isa = PBXBuildFile; fileRef = B6EFB0640F7AAD954DB7E015 /* AccountInitializer.swift */; };
		6E21676177632E2C03918AFD /* RestarauntsPresenter.swift in Sources */ = {isa = PBXBuildFile; fileRef = 526AE199CEC657279873C434 /* RestarauntsPresenter.swift */; };
		70339AA714C4DB25E1FE9B7D /* AccountConfigurator.swift in Sources */ = {isa = PBXBuildFile; fileRef = 9A523B6203CFB9D08B45EF58 /* AccountConfigurator.swift */; };
		70FEDE9CA42F405A5636EDD9 /* ProductsViewController.swift in Sources */ = {isa = PBXBuildFile; fileRef = F794F8989A4B7E22FBD6D55C /* ProductsViewController.swift */; };
		71AC2E6F1DA7CBF3CD8C4153 /* AccountsRouterInput.swift in Sources */ = {isa = PBXBuildFile; fileRef = B053332C294F8DC7EEF1335E /* AccountsRouterInput.swift */; };
		72259E0570898C2A8CC95A58 /* BanksPresenter.swift in Sources */ = {isa = PBXBuildFile; fileRef = 028B352EA9422886C173CF58 /* BanksPresenter.swift */; };
		7A184BCBE49877BD2B5F9932 /* AccountInteractorInput.swift in Sources */ = {isa = PBXBuildFile; fileRef = 75B9CF39AB0FDBA432CDECB5 /* AccountInteractorInput.swift */; };
		7AB5482475FB356D7F1CA97E /* AccountsInteractor.swift in Sources */ = {isa = PBXBuildFile; fileRef = 5472A6337DBD3A921BDEF56A /* AccountsInteractor.swift */; };
		80A82D4ED996F97788BECEDE /* ProductsViewInput.swift in Sources */ = {isa = PBXBuildFile; fileRef = FE417856F9C9593BC420DE41 /* ProductsViewInput.swift */; };
		81DAB0CEE3DFC2F77E32D86E /* AccountsViewInput.swift in Sources */ = {isa = PBXBuildFile; fileRef = 35065084B9366B16DFD2DE05 /* AccountsViewInput.swift */; };
		86172406481B1390D06EDFBC /* BanksConfigurator.swift in Sources */ = {isa = PBXBuildFile; fileRef = A18CC3F34386473870EC6727 /* BanksConfigurator.swift */; };
		87CEEC3C59D1920608D17B4A /* RestarauntsInteractor.swift in Sources */ = {isa = PBXBuildFile; fileRef = DF2B4CE23857F8EC82BDDC00 /* RestarauntsInteractor.swift */; };
		94993BC9549A9EC7379F5DB4 /* RestarauntsInteractorInput.swift in Sources */ = {isa = PBXBuildFile; fileRef = 0347E67819D6A8F9D07B48B6 /* RestarauntsInteractorInput.swift */; };
		978F77676FD143A4A0C4C136 /* BanksViewInput.swift in Sources */ = {isa = PBXBuildFile; fileRef = A8C586B0A8EE37DBAD8FB46A /* BanksViewInput.swift */; };
		998C5505E0AF88D4696D7D00 /* BanksViewOutput.swift in Sources */ = {isa = PBXBuildFile; fileRef = FA16D79147715322DCBBC6F3 /* BanksViewOutput.swift */; };
		9BDB5B3A7CD56FC2B9B03E92 /* RestarauntsInitializer.swift in Sources */ = {isa = PBXBuildFile; fileRef = 74E15054CDB72311DD48CC14 /* RestarauntsInitializer.swift */; };
		9E0D410991EF0197FC579986 /* AccountModuleInput.swift in Sources */ = {isa = PBXBuildFile; fileRef = A987437DE2F5F54B4D21BD14 /* AccountModuleInput.swift */; };
		A0F9378AE55E7FB0C89DA23E /* RestarauntsRouter.swift in Sources */ = {isa = PBXBuildFile; fileRef = 06C8C69F2808B1567C177C7B /* RestarauntsRouter.swift */; };
		A3A5202A71EDA4E72C776108 /* RestarauntsInteractorOutput.swift in Sources */ = {isa = PBXBuildFile; fileRef = 03A95C29D5B569508FCC5E02 /* RestarauntsInteractorOutput.swift */; };
		A601463B25A52CB724A239E6 /* ProductsPresenter.swift in Sources */ = {isa = PBXBuildFile; fileRef = 55BF3C27818570CCD4998844 /* ProductsPresenter.swift */; };
		AA55AF1C407F04C6639994C8 /* BanksModuleInput.swift in Sources */ = {isa = PBXBuildFile; fileRef = BEFD10B33F0A57118E016C98 /* BanksModuleInput.swift */; };
		AC79530ED6D65574E9060D58 /* RestarauntsRouterInput.swift in Sources */ = {isa = PBXBuildFile; fileRef = 339B2D787F0AB3EF62C4201D /* RestarauntsRouterInput.swift */; };
		B5574CE7CEC79F335C58EA6C /* RestarauntsViewInput.swift in Sources */ = {isa = PBXBuildFile; fileRef = 4594379331F3EF0A6A55A479 /* RestarauntsViewInput.swift */; };
		BC5FFC7AD8598CAEDFFA0CB5 /* ProductsConfigurator.swift in Sources */ = {isa = PBXBuildFile; fileRef = 14010E7F21072594ED047373 /* ProductsConfigurator.swift */; };
		BD145B03844BD928E38B158D /* ProductsRouter.swift in Sources */ = {isa = PBXBuildFile; fileRef = 1CC52341BF704A787BAC9868 /* ProductsRouter.swift */; };
		C241B67F1F7A90EC00650FFA /* AccountsBoard.storyboard in Resources */ = {isa = PBXBuildFile; fileRef = C241B67E1F7A90EC00650FFA /* AccountsBoard.storyboard */; };
		C24B27FD1F7A3C2100E1685D /* AppDelegate.swift in Sources */ = {isa = PBXBuildFile; fileRef = C24B27FC1F7A3C2100E1685D /* AppDelegate.swift */; };
		C24B27FF1F7A3C2100E1685D /* MainViewController.swift in Sources */ = {isa = PBXBuildFile; fileRef = C24B27FE1F7A3C2100E1685D /* MainViewController.swift */; };
		C24B28021F7A3C2100E1685D /* Main.storyboard in Resources */ = {isa = PBXBuildFile; fileRef = C24B28001F7A3C2100E1685D /* Main.storyboard */; };
		C24B28041F7A3C2200E1685D /* Assets.xcassets in Resources */ = {isa = PBXBuildFile; fileRef = C24B28031F7A3C2100E1685D /* Assets.xcassets */; };
		C24B28071F7A3C2200E1685D /* LaunchScreen.storyboard in Resources */ = {isa = PBXBuildFile; fileRef = C24B28051F7A3C2200E1685D /* LaunchScreen.storyboard */; };
		C26A503C1F8E1BCB003CDA79 /* SWAccount.swift in Sources */ = {isa = PBXBuildFile; fileRef = C26A503B1F8E1BCB003CDA79 /* SWAccount.swift */; };
		C7E9B733F168363E79AB93DF /* AccountViewController.swift in Sources */ = {isa = PBXBuildFile; fileRef = 1887CB1B101FCB87BE65E55B /* AccountViewController.swift */; };
		CB8C00B80DB9AF4F8D0CF58E /* AccountsRouter.swift in Sources */ = {isa = PBXBuildFile; fileRef = 7723743A7A486488F624F2AE /* AccountsRouter.swift */; };
		CE405B8AB052DE9FAE6FF863 /* AccountsConfigurator.swift in Sources */ = {isa = PBXBuildFile; fileRef = B757A43427F1988D931B085A /* AccountsConfigurator.swift */; };
		DAED37F385801C5F32B4BDA5 /* RestarauntsModuleInput.swift in Sources */ = {isa = PBXBuildFile; fileRef = 362A8C0F5CDBBF355A26D01C /* RestarauntsModuleInput.swift */; };
		DB4DFA8C5078260E7C91AFA1 /* AccountInteractor.swift in Sources */ = {isa = PBXBuildFile; fileRef = DB869550E5EADB66F2EEA1CE /* AccountInteractor.swift */; };
		DD5C16410C6E718D87274444 /* AccountsModuleInput.swift in Sources */ = {isa = PBXBuildFile; fileRef = B9A0649F19BC21757C95625C /* AccountsModuleInput.swift */; };
		E268B8CB34EDC62F03DF5D80 /* AccountPresenter.swift in Sources */ = {isa = PBXBuildFile; fileRef = DF929A5A1050F4D18733BAA5 /* AccountPresenter.swift */; };
		EEB2892FC2AD06861FFD11D0 /* ProductsViewOutput.swift in Sources */ = {isa = PBXBuildFile; fileRef = 891DFEF8A2F53D9612C4D290 /* ProductsViewOutput.swift */; };
		F3B989C5407E84028B93C362 /* ProductsInitializer.swift in Sources */ = {isa = PBXBuildFile; fileRef = 468899DB041EEDD98A8BD8E1 /* ProductsInitializer.swift */; };
		F597ECA9D05A0F432E081F6D /* ProductsInteractor.swift in Sources */ = {isa = PBXBuildFile; fileRef = 012D4E03DA1104DA11D067F3 /* ProductsInteractor.swift */; };
		FE1FF1ED2135CC56007C0999 /* SWAgent.swift in Sources */ = {isa = PBXBuildFile; fileRef = FE1FF1EC2135CC56007C0999 /* SWAgent.swift */; };
		FE1FF1F12135ED71007C0999 /* SWProduct.swift in Sources */ = {isa = PBXBuildFile; fileRef = FE1FF1F02135ED71007C0999 /* SWProduct.swift */; };
		FE206D182134A3A4002977AD /* SWProductCategory.swift in Sources */ = {isa = PBXBuildFile; fileRef = FE206D172134A3A4002977AD /* SWProductCategory.swift */; };
		FE231D421FA64C1200EFB354 /* SWAccountViewCell.swift in Sources */ = {isa = PBXBuildFile; fileRef = FE231D411FA64C1200EFB354 /* SWAccountViewCell.swift */; };
		FE7E0FB520BC860D00F912E3 /* MetalKit.framework in Frameworks */ = {isa = PBXBuildFile; fileRef = FE7E0FB420BC860D00F912E3 /* MetalKit.framework */; };
		FE7E0FB720BC897B00F912E3 /* MainViewRenderer.swift in Sources */ = {isa = PBXBuildFile; fileRef = FE7E0FB620BC897B00F912E3 /* MainViewRenderer.swift */; };
		FE7EC4B22118E0CE00A6DB1B /* SWPointOfActivity.swift in Sources */ = {isa = PBXBuildFile; fileRef = FE7EC4B12118E0CE00A6DB1B /* SWPointOfActivity.swift */; };
		FE80AC4A20C47AAE00CEA5F4 /* libsqlite3.tbd in Frameworks */ = {isa = PBXBuildFile; fileRef = FE80AC4920C47AAE00CEA5F4 /* libsqlite3.tbd */; };
		FEBB7A5C20F20FA500E77F32 /* SWLocation.swift in Sources */ = {isa = PBXBuildFile; fileRef = FEBB7A5B20F20FA500E77F32 /* SWLocation.swift */; };
		FECE029E20D6B15A00C0B07A /* AccountViewRenderer.swift in Sources */ = {isa = PBXBuildFile; fileRef = FECE029D20D6B15A00C0B07A /* AccountViewRenderer.swift */; };
		FEDD444920C293AF00834600 /* AccountBoard.storyboard in Resources */ = {isa = PBXBuildFile; fileRef = FEDD444820C293AF00834600 /* AccountBoard.storyboard */; };
		FEE491CC20DAF3DD005BA89A /* AccountShaders.metal in Sources */ = {isa = PBXBuildFile; fileRef = FEE491CB20DAF3DD005BA89A /* AccountShaders.metal */; };
/* End PBXBuildFile section */

/* Begin PBXFileReference section */
		012D4E03DA1104DA11D067F3 /* ProductsInteractor.swift */ = {isa = PBXFileReference; includeInIndex = 1; lastKnownFileType = sourcecode.swift; path = ProductsInteractor.swift; sourceTree = "<group>"; };
		028B352EA9422886C173CF58 /* BanksPresenter.swift */ = {isa = PBXFileReference; includeInIndex = 1; lastKnownFileType = sourcecode.swift; path = BanksPresenter.swift; sourceTree = "<group>"; };
		0347E67819D6A8F9D07B48B6 /* RestarauntsInteractorInput.swift */ = {isa = PBXFileReference; includeInIndex = 1; lastKnownFileType = sourcecode.swift; path = RestarauntsInteractorInput.swift; sourceTree = "<group>"; };
		03A95C29D5B569508FCC5E02 /* RestarauntsInteractorOutput.swift */ = {isa = PBXFileReference; includeInIndex = 1; lastKnownFileType = sourcecode.swift; path = RestarauntsInteractorOutput.swift; sourceTree = "<group>"; };
		06C8C69F2808B1567C177C7B /* RestarauntsRouter.swift */ = {isa = PBXFileReference; includeInIndex = 1; lastKnownFileType = sourcecode.swift; path = RestarauntsRouter.swift; sourceTree = "<group>"; };
		14010E7F21072594ED047373 /* ProductsConfigurator.swift */ = {isa = PBXFileReference; includeInIndex = 1; lastKnownFileType = sourcecode.swift; path = ProductsConfigurator.swift; sourceTree = "<group>"; };
		15D7D136CEBD033AB1554F12 /* RestarauntsViewController.swift */ = {isa = PBXFileReference; includeInIndex = 1; lastKnownFileType = sourcecode.swift; path = RestarauntsViewController.swift; sourceTree = "<group>"; };
		1887CB1B101FCB87BE65E55B /* AccountViewController.swift */ = {isa = PBXFileReference; includeInIndex = 1; lastKnownFileType = sourcecode.swift; path = AccountViewController.swift; sourceTree = "<group>"; };
		1CC52341BF704A787BAC9868 /* ProductsRouter.swift */ = {isa = PBXFileReference; includeInIndex = 1; lastKnownFileType = sourcecode.swift; path = ProductsRouter.swift; sourceTree = "<group>"; };
		2C243417F92361E2910D2CC7 /* BanksInteractor.swift */ = {isa = PBXFileReference; includeInIndex = 1; lastKnownFileType = sourcecode.swift; path = BanksInteractor.swift; sourceTree = "<group>"; };
		302D97C04C55F530DEA5868B /* AccountsPresenter.swift */ = {isa = PBXFileReference; includeInIndex = 1; lastKnownFileType = sourcecode.swift; path = AccountsPresenter.swift; sourceTree = "<group>"; };
		33701842D3F7EB9EFAB429D3 /* AccountRouterInput.swift */ = {isa = PBXFileReference; includeInIndex = 1; lastKnownFileType = sourcecode.swift; path = AccountRouterInput.swift; sourceTree = "<group>"; };
		339B2D787F0AB3EF62C4201D /* RestarauntsRouterInput.swift */ = {isa = PBXFileReference; includeInIndex = 1; lastKnownFileType = sourcecode.swift; path = RestarauntsRouterInput.swift; sourceTree = "<group>"; };
		33CCBAABC4E2F82D2AAAE3E5 /* BanksInteractorOutput.swift */ = {isa = PBXFileReference; includeInIndex = 1; lastKnownFileType = sourcecode.swift; path = BanksInteractorOutput.swift; sourceTree = "<group>"; };
		35065084B9366B16DFD2DE05 /* AccountsViewInput.swift */ = {isa = PBXFileReference; includeInIndex = 1; lastKnownFileType = sourcecode.swift; path = AccountsViewInput.swift; sourceTree = "<group>"; };
		35073CFBB238F5311EF773A4 /* AccountsViewController.swift */ = {isa = PBXFileReference; includeInIndex = 1; lastKnownFileType = sourcecode.swift; path = AccountsViewController.swift; sourceTree = "<group>"; };
		362A8C0F5CDBBF355A26D01C /* RestarauntsModuleInput.swift */ = {isa = PBXFileReference; includeInIndex = 1; lastKnownFileType = sourcecode.swift; path = RestarauntsModuleInput.swift; sourceTree = "<group>"; };
		3784901BBCE2556B81A6F6DE /* ProductsModuleInput.swift */ = {isa = PBXFileReference; includeInIndex = 1; lastKnownFileType = sourcecode.swift; path = ProductsModuleInput.swift; sourceTree = "<group>"; };
		43675A527B5B93517EC2E7B5 /* BanksRouter.swift */ = {isa = PBXFileReference; includeInIndex = 1; lastKnownFileType = sourcecode.swift; path = BanksRouter.swift; sourceTree = "<group>"; };
		4594379331F3EF0A6A55A479 /* RestarauntsViewInput.swift */ = {isa = PBXFileReference; includeInIndex = 1; lastKnownFileType = sourcecode.swift; path = RestarauntsViewInput.swift; sourceTree = "<group>"; };
		468899DB041EEDD98A8BD8E1 /* ProductsInitializer.swift */ = {isa = PBXFileReference; includeInIndex = 1; lastKnownFileType = sourcecode.swift; path = ProductsInitializer.swift; sourceTree = "<group>"; };
		4DC0F3F8C3B42BF4233EBCE5 /* BanksRouterInput.swift */ = {isa = PBXFileReference; includeInIndex = 1; lastKnownFileType = sourcecode.swift; path = BanksRouterInput.swift; sourceTree = "<group>"; };
		526AE199CEC657279873C434 /* RestarauntsPresenter.swift */ = {isa = PBXFileReference; includeInIndex = 1; lastKnownFileType = sourcecode.swift; path = RestarauntsPresenter.swift; sourceTree = "<group>"; };
		5472A6337DBD3A921BDEF56A /* AccountsInteractor.swift */ = {isa = PBXFileReference; includeInIndex = 1; lastKnownFileType = sourcecode.swift; path = AccountsInteractor.swift; sourceTree = "<group>"; };
		55BF3C27818570CCD4998844 /* ProductsPresenter.swift */ = {isa = PBXFileReference; includeInIndex = 1; lastKnownFileType = sourcecode.swift; path = ProductsPresenter.swift; sourceTree = "<group>"; };
		74E15054CDB72311DD48CC14 /* RestarauntsInitializer.swift */ = {isa = PBXFileReference; includeInIndex = 1; lastKnownFileType = sourcecode.swift; path = RestarauntsInitializer.swift; sourceTree = "<group>"; };
		75B9CF39AB0FDBA432CDECB5 /* AccountInteractorInput.swift */ = {isa = PBXFileReference; includeInIndex = 1; lastKnownFileType = sourcecode.swift; path = AccountInteractorInput.swift; sourceTree = "<group>"; };
		7723743A7A486488F624F2AE /* AccountsRouter.swift */ = {isa = PBXFileReference; includeInIndex = 1; lastKnownFileType = sourcecode.swift; path = AccountsRouter.swift; sourceTree = "<group>"; };
		7DC6AA77A1279802B7404E2B /* BanksInteractorInput.swift */ = {isa = PBXFileReference; includeInIndex = 1; lastKnownFileType = sourcecode.swift; path = BanksInteractorInput.swift; sourceTree = "<group>"; };
		7E5B05FF5D88ABD2B14BA2D8 /* RestarauntsViewOutput.swift */ = {isa = PBXFileReference; includeInIndex = 1; lastKnownFileType = sourcecode.swift; path = RestarauntsViewOutput.swift; sourceTree = "<group>"; };
		7F012694CD983A77D8EB54C3 /* ProductsInteractorInput.swift */ = {isa = PBXFileReference; includeInIndex = 1; lastKnownFileType = sourcecode.swift; path = ProductsInteractorInput.swift; sourceTree = "<group>"; };
		891DFEF8A2F53D9612C4D290 /* ProductsViewOutput.swift */ = {isa = PBXFileReference; includeInIndex = 1; lastKnownFileType = sourcecode.swift; path = ProductsViewOutput.swift; sourceTree = "<group>"; };
		8AD5C7D5C20F2A00A27CF488 /* ProductsRouterInput.swift */ = {isa = PBXFileReference; includeInIndex = 1; lastKnownFileType = sourcecode.swift; path = ProductsRouterInput.swift; sourceTree = "<group>"; };
		91CF99632B30B56C9F530EF6 /* AccountsInitializer.swift */ = {isa = PBXFileReference; includeInIndex = 1; lastKnownFileType = sourcecode.swift; path = AccountsInitializer.swift; sourceTree = "<group>"; };
		9A523B6203CFB9D08B45EF58 /* AccountConfigurator.swift */ = {isa = PBXFileReference; includeInIndex = 1; lastKnownFileType = sourcecode.swift; path = AccountConfigurator.swift; sourceTree = "<group>"; };
		A18CC3F34386473870EC6727 /* BanksConfigurator.swift */ = {isa = PBXFileReference; includeInIndex = 1; lastKnownFileType = sourcecode.swift; path = BanksConfigurator.swift; sourceTree = "<group>"; };
		A8C586B0A8EE37DBAD8FB46A /* BanksViewInput.swift */ = {isa = PBXFileReference; includeInIndex = 1; lastKnownFileType = sourcecode.swift; path = BanksViewInput.swift; sourceTree = "<group>"; };
		A987437DE2F5F54B4D21BD14 /* AccountModuleInput.swift */ = {isa = PBXFileReference; includeInIndex = 1; lastKnownFileType = sourcecode.swift; path = AccountModuleInput.swift; sourceTree = "<group>"; };
		AB02FB77B5904EF271799313 /* AccountViewInput.swift */ = {isa = PBXFileReference; includeInIndex = 1; lastKnownFileType = sourcecode.swift; path = AccountViewInput.swift; sourceTree = "<group>"; };
		B04A6A61E2352F882A364CFA /* AccountsInteractorOutput.swift */ = {isa = PBXFileReference; includeInIndex = 1; lastKnownFileType = sourcecode.swift; path = AccountsInteractorOutput.swift; sourceTree = "<group>"; };
		B053332C294F8DC7EEF1335E /* AccountsRouterInput.swift */ = {isa = PBXFileReference; includeInIndex = 1; lastKnownFileType = sourcecode.swift; path = AccountsRouterInput.swift; sourceTree = "<group>"; };
		B6EFB0640F7AAD954DB7E015 /* AccountInitializer.swift */ = {isa = PBXFileReference; includeInIndex = 1; lastKnownFileType = sourcecode.swift; path = AccountInitializer.swift; sourceTree = "<group>"; };
		B757A43427F1988D931B085A /* AccountsConfigurator.swift */ = {isa = PBXFileReference; includeInIndex = 1; lastKnownFileType = sourcecode.swift; path = AccountsConfigurator.swift; sourceTree = "<group>"; };
		B9A0649F19BC21757C95625C /* AccountsModuleInput.swift */ = {isa = PBXFileReference; includeInIndex = 1; lastKnownFileType = sourcecode.swift; path = AccountsModuleInput.swift; sourceTree = "<group>"; };
		BEFD10B33F0A57118E016C98 /* BanksModuleInput.swift */ = {isa = PBXFileReference; includeInIndex = 1; lastKnownFileType = sourcecode.swift; path = BanksModuleInput.swift; sourceTree = "<group>"; };
		C0EF2EC43C8591DD8BA8198F /* BanksViewController.swift */ = {isa = PBXFileReference; includeInIndex = 1; lastKnownFileType = sourcecode.swift; path = BanksViewController.swift; sourceTree = "<group>"; };
		C241B67E1F7A90EC00650FFA /* AccountsBoard.storyboard */ = {isa = PBXFileReference; lastKnownFileType = file.storyboard; path = AccountsBoard.storyboard; sourceTree = "<group>"; };
		C24B27F91F7A3C2100E1685D /* AccountRest.app */ = {isa = PBXFileReference; explicitFileType = wrapper.application; includeInIndex = 0; path = AccountRest.app; sourceTree = BUILT_PRODUCTS_DIR; };
		C24B27FC1F7A3C2100E1685D /* AppDelegate.swift */ = {isa = PBXFileReference; lastKnownFileType = sourcecode.swift; path = AppDelegate.swift; sourceTree = "<group>"; };
		C24B27FE1F7A3C2100E1685D /* MainViewController.swift */ = {isa = PBXFileReference; lastKnownFileType = sourcecode.swift; path = MainViewController.swift; sourceTree = "<group>"; };
		C24B28011F7A3C2100E1685D /* Base */ = {isa = PBXFileReference; lastKnownFileType = file.storyboard; name = Base; path = Base.lproj/Main.storyboard; sourceTree = "<group>"; };
		C24B28031F7A3C2100E1685D /* Assets.xcassets */ = {isa = PBXFileReference; lastKnownFileType = folder.assetcatalog; path = Assets.xcassets; sourceTree = "<group>"; };
		C24B28061F7A3C2200E1685D /* Base */ = {isa = PBXFileReference; lastKnownFileType = file.storyboard; name = Base; path = Base.lproj/LaunchScreen.storyboard; sourceTree = "<group>"; };
		C24B28081F7A3C2200E1685D /* Info.plist */ = {isa = PBXFileReference; lastKnownFileType = text.plist.xml; path = Info.plist; sourceTree = "<group>"; };
		C26A503B1F8E1BCB003CDA79 /* SWAccount.swift */ = {isa = PBXFileReference; lastKnownFileType = sourcecode.swift; path = SWAccount.swift; sourceTree = "<group>"; };
		C33604122AC65D9F3C46977E /* AccountRouter.swift */ = {isa = PBXFileReference; includeInIndex = 1; lastKnownFileType = sourcecode.swift; path = AccountRouter.swift; sourceTree = "<group>"; };
		C6C7AAFF96E56D364FF81CF8 /* RestarauntsConfigurator.swift */ = {isa = PBXFileReference; includeInIndex = 1; lastKnownFileType = sourcecode.swift; path = RestarauntsConfigurator.swift; sourceTree = "<group>"; };
		CD9BBD86974E992B6D95C156 /* ProductsInteractorOutput.swift */ = {isa = PBXFileReference; includeInIndex = 1; lastKnownFileType = sourcecode.swift; path = ProductsInteractorOutput.swift; sourceTree = "<group>"; };
		D69BF03D9DA4092C6D7BE4DC /* BanksInitializer.swift */ = {isa = PBXFileReference; includeInIndex = 1; lastKnownFileType = sourcecode.swift; path = BanksInitializer.swift; sourceTree = "<group>"; };
		DB869550E5EADB66F2EEA1CE /* AccountInteractor.swift */ = {isa = PBXFileReference; includeInIndex = 1; lastKnownFileType = sourcecode.swift; path = AccountInteractor.swift; sourceTree = "<group>"; };
		DD32AC33693FFCB9855972C3 /* AccountsViewOutput.swift */ = {isa = PBXFileReference; includeInIndex = 1; lastKnownFileType = sourcecode.swift; path = AccountsViewOutput.swift; sourceTree = "<group>"; };
		DF2B4CE23857F8EC82BDDC00 /* RestarauntsInteractor.swift */ = {isa = PBXFileReference; includeInIndex = 1; lastKnownFileType = sourcecode.swift; path = RestarauntsInteractor.swift; sourceTree = "<group>"; };
		DF929A5A1050F4D18733BAA5 /* AccountPresenter.swift */ = {isa = PBXFileReference; includeInIndex = 1; lastKnownFileType = sourcecode.swift; path = AccountPresenter.swift; sourceTree = "<group>"; };
		EB93D9D106B54C32894745E1 /* AccountInteractorOutput.swift */ = {isa = PBXFileReference; includeInIndex = 1; lastKnownFileType = sourcecode.swift; path = AccountInteractorOutput.swift; sourceTree = "<group>"; };
		F794F8989A4B7E22FBD6D55C /* ProductsViewController.swift */ = {isa = PBXFileReference; includeInIndex = 1; lastKnownFileType = sourcecode.swift; path = ProductsViewController.swift; sourceTree = "<group>"; };
		F999FB34E3F6A17D7247C03F /* AccountViewOutput.swift */ = {isa = PBXFileReference; includeInIndex = 1; lastKnownFileType = sourcecode.swift; path = AccountViewOutput.swift; sourceTree = "<group>"; };
		FA16D79147715322DCBBC6F3 /* BanksViewOutput.swift */ = {isa = PBXFileReference; includeInIndex = 1; lastKnownFileType = sourcecode.swift; path = BanksViewOutput.swift; sourceTree = "<group>"; };
		FBA253A708B3B3BF9B3B5891 /* AccountsInteractorInput.swift */ = {isa = PBXFileReference; includeInIndex = 1; lastKnownFileType = sourcecode.swift; path = AccountsInteractorInput.swift; sourceTree = "<group>"; };
		FE1FF1EC2135CC56007C0999 /* SWAgent.swift */ = {isa = PBXFileReference; lastKnownFileType = sourcecode.swift; path = SWAgent.swift; sourceTree = "<group>"; };
		FE1FF1EF2135E9B7007C0999 /* Product.h */ = {isa = PBXFileReference; lastKnownFileType = sourcecode.c.h; path = Product.h; sourceTree = "<group>"; };
		FE1FF1F02135ED71007C0999 /* SWProduct.swift */ = {isa = PBXFileReference; lastKnownFileType = sourcecode.swift; path = SWProduct.swift; sourceTree = "<group>"; };
		FE206D162134A317002977AD /* ProductCategory.h */ = {isa = PBXFileReference; lastKnownFileType = sourcecode.c.h; path = ProductCategory.h; sourceTree = "<group>"; };
		FE206D172134A3A4002977AD /* SWProductCategory.swift */ = {isa = PBXFileReference; lastKnownFileType = sourcecode.swift; path = SWProductCategory.swift; sourceTree = "<group>"; };
		FE206D1A2134AFC2002977AD /* Agent.h */ = {isa = PBXFileReference; lastKnownFileType = sourcecode.c.h; path = Agent.h; sourceTree = "<group>"; };
		FE231D411FA64C1200EFB354 /* SWAccountViewCell.swift */ = {isa = PBXFileReference; lastKnownFileType = sourcecode.swift; path = SWAccountViewCell.swift; sourceTree = "<group>"; };
		FE417856F9C9593BC420DE41 /* ProductsViewInput.swift */ = {isa = PBXFileReference; includeInIndex = 1; lastKnownFileType = sourcecode.swift; path = ProductsViewInput.swift; sourceTree = "<group>"; };
		FE4476E120E6DE23008F2E0F /* Account.h */ = {isa = PBXFileReference; lastKnownFileType = sourcecode.c.h; path = Account.h; sourceTree = "<group>"; };
		FE4476E320E6E199008F2E0F /* Consts.h */ = {isa = PBXFileReference; lastKnownFileType = sourcecode.c.h; path = Consts.h; sourceTree = "<group>"; };
		FE7E0FB420BC860D00F912E3 /* MetalKit.framework */ = {isa = PBXFileReference; lastKnownFileType = wrapper.framework; name = MetalKit.framework; path = System/Library/Frameworks/MetalKit.framework; sourceTree = SDKROOT; };
		FE7E0FB620BC897B00F912E3 /* MainViewRenderer.swift */ = {isa = PBXFileReference; lastKnownFileType = sourcecode.swift; path = MainViewRenderer.swift; sourceTree = "<group>"; };
		FE7EC4B02118DD2C00A6DB1B /* PointOfActivity.h */ = {isa = PBXFileReference; lastKnownFileType = sourcecode.c.h; path = PointOfActivity.h; sourceTree = "<group>"; };
		FE7EC4B12118E0CE00A6DB1B /* SWPointOfActivity.swift */ = {isa = PBXFileReference; lastKnownFileType = sourcecode.swift; path = SWPointOfActivity.swift; sourceTree = "<group>"; };
		FE80AC4920C47AAE00CEA5F4 /* libsqlite3.tbd */ = {isa = PBXFileReference; lastKnownFileType = "sourcecode.text-based-dylib-definition"; name = libsqlite3.tbd; path = usr/lib/libsqlite3.tbd; sourceTree = SDKROOT; };
		FE80AC4C20C4838600CEA5F4 /* AccountRest-Bridging-Header.h */ = {isa = PBXFileReference; lastKnownFileType = sourcecode.c.h; path = "AccountRest-Bridging-Header.h"; sourceTree = "<group>"; };
		FEBB7A5A20F20AFA00E77F32 /* Location.h */ = {isa = PBXFileReference; lastKnownFileType = sourcecode.c.h; path = Location.h; sourceTree = "<group>"; };
		FEBB7A5B20F20FA500E77F32 /* SWLocation.swift */ = {isa = PBXFileReference; lastKnownFileType = sourcecode.swift; path = SWLocation.swift; sourceTree = "<group>"; };
		FECE029D20D6B15A00C0B07A /* AccountViewRenderer.swift */ = {isa = PBXFileReference; lastKnownFileType = sourcecode.swift; path = AccountViewRenderer.swift; sourceTree = "<group>"; };
		FEDD444820C293AF00834600 /* AccountBoard.storyboard */ = {isa = PBXFileReference; lastKnownFileType = file.storyboard; path = AccountBoard.storyboard; sourceTree = "<group>"; };
		FEE491CB20DAF3DD005BA89A /* AccountShaders.metal */ = {isa = PBXFileReference; lastKnownFileType = sourcecode.metal; path = AccountShaders.metal; sourceTree = "<group>"; };
		FEE491CD20DAF427005BA89A /* AccountShadersTypes.h */ = {isa = PBXFileReference; lastKnownFileType = sourcecode.c.h; path = AccountShadersTypes.h; sourceTree = "<group>"; };
/* End PBXFileReference section */

/* Begin PBXFrameworksBuildPhase section */
		C24B27F61F7A3C2100E1685D /* Frameworks */ = {
			isa = PBXFrameworksBuildPhase;
			buildActionMask = 2147483647;
			files = (
				FE80AC4A20C47AAE00CEA5F4 /* libsqlite3.tbd in Frameworks */,
				FE7E0FB520BC860D00F912E3 /* MetalKit.framework in Frameworks */,
			);
			runOnlyForDeploymentPostprocessing = 0;
		};
/* End PBXFrameworksBuildPhase section */

/* Begin PBXGroup section */
		01EEF6E002C438D00E835AF2 /* Interactor */ = {
			isa = PBXGroup;
			children = (
				FBA253A708B3B3BF9B3B5891 /* AccountsInteractorInput.swift */,
				B04A6A61E2352F882A364CFA /* AccountsInteractorOutput.swift */,
				5472A6337DBD3A921BDEF56A /* AccountsInteractor.swift */,
			);
			path = Interactor;
			sourceTree = "<group>";
		};
		198A4CA7B19CDF0FDCFC5F7F /* Configurator */ = {
			isa = PBXGroup;
			children = (
				B757A43427F1988D931B085A /* AccountsConfigurator.swift */,
				91CF99632B30B56C9F530EF6 /* AccountsInitializer.swift */,
			);
			path = Configurator;
			sourceTree = "<group>";
		};
		1B17FEBAB548341CC4FD394F /* Router */ = {
			isa = PBXGroup;
			children = (
				B053332C294F8DC7EEF1335E /* AccountsRouterInput.swift */,
				7723743A7A486488F624F2AE /* AccountsRouter.swift */,
			);
			path = Router;
			sourceTree = "<group>";
		};
		2EEE4F7AF92E32C614479D97 /* Presenter */ = {
			isa = PBXGroup;
			children = (
				362A8C0F5CDBBF355A26D01C /* RestarauntsModuleInput.swift */,
				526AE199CEC657279873C434 /* RestarauntsPresenter.swift */,
			);
			path = Presenter;
			sourceTree = "<group>";
		};
		2F43844ADC376826093CAB77 /* Restaraunts */ = {
			isa = PBXGroup;
			children = (
				D90CB417D2CA48AF762E4509 /* View */,
				2EEE4F7AF92E32C614479D97 /* Presenter */,
				C50BB1F064FCC7CBEB733836 /* Interactor */,
				6242FD9F12F7E44E86832820 /* Router */,
				83483B56094B88F582C79C3C /* Configurator */,
			);
			path = Restaraunts;
			sourceTree = "<group>";
		};
		302CC329CB20CC038182CA80 /* View */ = {
			isa = PBXGroup;
			children = (
				AB02FB77B5904EF271799313 /* AccountViewInput.swift */,
				F999FB34E3F6A17D7247C03F /* AccountViewOutput.swift */,
				1887CB1B101FCB87BE65E55B /* AccountViewController.swift */,
				FEDD444820C293AF00834600 /* AccountBoard.storyboard */,
				FECE029D20D6B15A00C0B07A /* AccountViewRenderer.swift */,
				FEE491CB20DAF3DD005BA89A /* AccountShaders.metal */,
				FEE491CD20DAF427005BA89A /* AccountShadersTypes.h */,
			);
			path = View;
			sourceTree = "<group>";
		};
		39D12DA9D7E319F29809BA6B /* Banks */ = {
			isa = PBXGroup;
			children = (
				E43D4638FAC33103C8F91F76 /* View */,
				AC33CDE7836F50532B80B371 /* Presenter */,
				464E30C18A21E926092B05BF /* Interactor */,
				509AF8E24AF3F4CD95281A85 /* Router */,
				8006DBDF26D476863E109AE3 /* Configurator */,
			);
			path = Banks;
			sourceTree = "<group>";
		};
		43D1A18B9EBB99AD025AF1E5 /* Modules */ = {
			isa = PBXGroup;
			children = (
				39D12DA9D7E319F29809BA6B /* Banks */,
				F1A5CCDC4B693A5B0FF78EBA /* Accounts */,
				2F43844ADC376826093CAB77 /* Restaraunts */,
				BB1746A23EFE9E45DE286039 /* Products */,
				9AF4A73B9A4067F4BDAC58E6 /* Account */,
			);
			path = Modules;
			sourceTree = "<group>";
		};
		464E30C18A21E926092B05BF /* Interactor */ = {
			isa = PBXGroup;
			children = (
				7DC6AA77A1279802B7404E2B /* BanksInteractorInput.swift */,
				33CCBAABC4E2F82D2AAAE3E5 /* BanksInteractorOutput.swift */,
				2C243417F92361E2910D2CC7 /* BanksInteractor.swift */,
			);
			path = Interactor;
			sourceTree = "<group>";
		};
		4E327682B48980182F4573E9 /* Configurator */ = {
			isa = PBXGroup;
			children = (
				14010E7F21072594ED047373 /* ProductsConfigurator.swift */,
				468899DB041EEDD98A8BD8E1 /* ProductsInitializer.swift */,
			);
			path = Configurator;
			sourceTree = "<group>";
		};
		509AF8E24AF3F4CD95281A85 /* Router */ = {
			isa = PBXGroup;
			children = (
				4DC0F3F8C3B42BF4233EBCE5 /* BanksRouterInput.swift */,
				43675A527B5B93517EC2E7B5 /* BanksRouter.swift */,
			);
			path = Router;
			sourceTree = "<group>";
		};
		6242FD9F12F7E44E86832820 /* Router */ = {
			isa = PBXGroup;
			children = (
				339B2D787F0AB3EF62C4201D /* RestarauntsRouterInput.swift */,
				06C8C69F2808B1567C177C7B /* RestarauntsRouter.swift */,
			);
			path = Router;
			sourceTree = "<group>";
		};
		62FE3934A4C3497B5A78860E /* Presenter */ = {
			isa = PBXGroup;
			children = (
				A987437DE2F5F54B4D21BD14 /* AccountModuleInput.swift */,
				DF929A5A1050F4D18733BAA5 /* AccountPresenter.swift */,
			);
			path = Presenter;
			sourceTree = "<group>";
		};
		692ACCA9286620E61056B48F /* Configurator */ = {
			isa = PBXGroup;
			children = (
				9A523B6203CFB9D08B45EF58 /* AccountConfigurator.swift */,
				B6EFB0640F7AAD954DB7E015 /* AccountInitializer.swift */,
			);
			path = Configurator;
			sourceTree = "<group>";
		};
		788DC07EA1700EC4148C8D37 /* View */ = {
			isa = PBXGroup;
			children = (
				FE417856F9C9593BC420DE41 /* ProductsViewInput.swift */,
				891DFEF8A2F53D9612C4D290 /* ProductsViewOutput.swift */,
				F794F8989A4B7E22FBD6D55C /* ProductsViewController.swift */,
			);
			path = View;
			sourceTree = "<group>";
		};
		79DCFB47F7B21C2E46682FF9 /* Frameworks */ = {
			isa = PBXGroup;
			children = (
				FE80AC4920C47AAE00CEA5F4 /* libsqlite3.tbd */,
				FE7E0FB420BC860D00F912E3 /* MetalKit.framework */,
			);
			name = Frameworks;
			sourceTree = "<group>";
		};
		7FCDBBC22D5A3A97C25AB499 /* Interactor */ = {
			isa = PBXGroup;
			children = (
				7F012694CD983A77D8EB54C3 /* ProductsInteractorInput.swift */,
				CD9BBD86974E992B6D95C156 /* ProductsInteractorOutput.swift */,
				012D4E03DA1104DA11D067F3 /* ProductsInteractor.swift */,
			);
			path = Interactor;
			sourceTree = "<group>";
		};
		8006DBDF26D476863E109AE3 /* Configurator */ = {
			isa = PBXGroup;
			children = (
				A18CC3F34386473870EC6727 /* BanksConfigurator.swift */,
				D69BF03D9DA4092C6D7BE4DC /* BanksInitializer.swift */,
			);
			path = Configurator;
			sourceTree = "<group>";
		};
		83483B56094B88F582C79C3C /* Configurator */ = {
			isa = PBXGroup;
			children = (
				C6C7AAFF96E56D364FF81CF8 /* RestarauntsConfigurator.swift */,
				74E15054CDB72311DD48CC14 /* RestarauntsInitializer.swift */,
			);
			path = Configurator;
			sourceTree = "<group>";
		};
		8B6AA606230B0667A7D34674 /* Presenter */ = {
			isa = PBXGroup;
			children = (
				B9A0649F19BC21757C95625C /* AccountsModuleInput.swift */,
				302D97C04C55F530DEA5868B /* AccountsPresenter.swift */,
			);
			path = Presenter;
			sourceTree = "<group>";
		};
		8FB62BEFBC9C297FE69A52BE /* View */ = {
			isa = PBXGroup;
			children = (
				35065084B9366B16DFD2DE05 /* AccountsViewInput.swift */,
				DD32AC33693FFCB9855972C3 /* AccountsViewOutput.swift */,
				35073CFBB238F5311EF773A4 /* AccountsViewController.swift */,
				C241B67E1F7A90EC00650FFA /* AccountsBoard.storyboard */,
				FE231D411FA64C1200EFB354 /* SWAccountViewCell.swift */,
			);
			path = View;
			sourceTree = "<group>";
		};
		9AF4A73B9A4067F4BDAC58E6 /* Account */ = {
			isa = PBXGroup;
			children = (
				302CC329CB20CC038182CA80 /* View */,
				62FE3934A4C3497B5A78860E /* Presenter */,
				E09329732496EB14961F469C /* Interactor */,
				FDFA3A3C6BE2F1553B42EA61 /* Router */,
				692ACCA9286620E61056B48F /* Configurator */,
			);
			path = Account;
			sourceTree = "<group>";
		};
		A53C1200A3F7FD739C5F5867 /* Presenter */ = {
			isa = PBXGroup;
			children = (
				3784901BBCE2556B81A6F6DE /* ProductsModuleInput.swift */,
				55BF3C27818570CCD4998844 /* ProductsPresenter.swift */,
			);
			path = Presenter;
			sourceTree = "<group>";
		};
		AC33CDE7836F50532B80B371 /* Presenter */ = {
			isa = PBXGroup;
			children = (
				BEFD10B33F0A57118E016C98 /* BanksModuleInput.swift */,
				028B352EA9422886C173CF58 /* BanksPresenter.swift */,
			);
			path = Presenter;
			sourceTree = "<group>";
		};
		BB1746A23EFE9E45DE286039 /* Products */ = {
			isa = PBXGroup;
			children = (
				788DC07EA1700EC4148C8D37 /* View */,
				A53C1200A3F7FD739C5F5867 /* Presenter */,
				7FCDBBC22D5A3A97C25AB499 /* Interactor */,
				F1626A4CF176F4C3ED84169D /* Router */,
				4E327682B48980182F4573E9 /* Configurator */,
			);
			path = Products;
			sourceTree = "<group>";
		};
		C24094C01F8CC40F009E19DA /* CoreData */ = {
			isa = PBXGroup;
			children = (
				FE1FF1F22135F1CE007C0999 /* Orders */,
				FE1FF1EE2135E98B007C0999 /* Products */,
				FE206D192134AF85002977AD /* Agents */,
				FE206D152134A2CE002977AD /* ProductCategory */,
				FE7EC4AF2118DCEE00A6DB1B /* PointOfActivity */,
				FEBB7A5920F20ACA00E77F32 /* Location */,
				FE4476E220E6DE2A008F2E0F /* Account */,
			);
			path = CoreData;
			sourceTree = "<group>";
		};
		C24B27F01F7A3C2100E1685D = {
			isa = PBXGroup;
			children = (
				C24B27FB1F7A3C2100E1685D /* AccountRest */,
				C24B27FA1F7A3C2100E1685D /* Products */,
				79DCFB47F7B21C2E46682FF9 /* Frameworks */,
			);
			sourceTree = "<group>";
		};
		C24B27FA1F7A3C2100E1685D /* Products */ = {
			isa = PBXGroup;
			children = (
				C24B27F91F7A3C2100E1685D /* AccountRest.app */,
			);
			name = Products;
			sourceTree = "<group>";
		};
		C24B27FB1F7A3C2100E1685D /* AccountRest */ = {
			isa = PBXGroup;
			children = (
				FE4476E320E6E199008F2E0F /* Consts.h */,
				FE80AC4C20C4838600CEA5F4 /* AccountRest-Bridging-Header.h */,
				FE80AC4B20C4803A00CEA5F4 /* DataAccess */,
				C24094C01F8CC40F009E19DA /* CoreData */,
				C24B27FC1F7A3C2100E1685D /* AppDelegate.swift */,
				C24B27FE1F7A3C2100E1685D /* MainViewController.swift */,
				FE7E0FB620BC897B00F912E3 /* MainViewRenderer.swift */,
				C24B28001F7A3C2100E1685D /* Main.storyboard */,
				C24B28031F7A3C2100E1685D /* Assets.xcassets */,
				C24B28051F7A3C2200E1685D /* LaunchScreen.storyboard */,
				C24B28081F7A3C2200E1685D /* Info.plist */,
				43D1A18B9EBB99AD025AF1E5 /* Modules */,
			);
			path = AccountRest;
			sourceTree = "<group>";
		};
		C50BB1F064FCC7CBEB733836 /* Interactor */ = {
			isa = PBXGroup;
			children = (
				0347E67819D6A8F9D07B48B6 /* RestarauntsInteractorInput.swift */,
				03A95C29D5B569508FCC5E02 /* RestarauntsInteractorOutput.swift */,
				DF2B4CE23857F8EC82BDDC00 /* RestarauntsInteractor.swift */,
			);
			path = Interactor;
			sourceTree = "<group>";
		};
		D90CB417D2CA48AF762E4509 /* View */ = {
			isa = PBXGroup;
			children = (
				4594379331F3EF0A6A55A479 /* RestarauntsViewInput.swift */,
				7E5B05FF5D88ABD2B14BA2D8 /* RestarauntsViewOutput.swift */,
				15D7D136CEBD033AB1554F12 /* RestarauntsViewController.swift */,
			);
			path = View;
			sourceTree = "<group>";
		};
		E09329732496EB14961F469C /* Interactor */ = {
			isa = PBXGroup;
			children = (
				75B9CF39AB0FDBA432CDECB5 /* AccountInteractorInput.swift */,
				EB93D9D106B54C32894745E1 /* AccountInteractorOutput.swift */,
				DB869550E5EADB66F2EEA1CE /* AccountInteractor.swift */,
			);
			path = Interactor;
			sourceTree = "<group>";
		};
		E43D4638FAC33103C8F91F76 /* View */ = {
			isa = PBXGroup;
			children = (
				A8C586B0A8EE37DBAD8FB46A /* BanksViewInput.swift */,
				FA16D79147715322DCBBC6F3 /* BanksViewOutput.swift */,
				C0EF2EC43C8591DD8BA8198F /* BanksViewController.swift */,
			);
			path = View;
			sourceTree = "<group>";
		};
		F1626A4CF176F4C3ED84169D /* Router */ = {
			isa = PBXGroup;
			children = (
				8AD5C7D5C20F2A00A27CF488 /* ProductsRouterInput.swift */,
				1CC52341BF704A787BAC9868 /* ProductsRouter.swift */,
			);
			path = Router;
			sourceTree = "<group>";
		};
		F1A5CCDC4B693A5B0FF78EBA /* Accounts */ = {
			isa = PBXGroup;
			children = (
				8FB62BEFBC9C297FE69A52BE /* View */,
				8B6AA606230B0667A7D34674 /* Presenter */,
				01EEF6E002C438D00E835AF2 /* Interactor */,
				1B17FEBAB548341CC4FD394F /* Router */,
				198A4CA7B19CDF0FDCFC5F7F /* Configurator */,
			);
			path = Accounts;
			sourceTree = "<group>";
		};
		FDFA3A3C6BE2F1553B42EA61 /* Router */ = {
			isa = PBXGroup;
			children = (
				33701842D3F7EB9EFAB429D3 /* AccountRouterInput.swift */,
				C33604122AC65D9F3C46977E /* AccountRouter.swift */,
			);
			path = Router;
			sourceTree = "<group>";
		};
		FE1FF1EE2135E98B007C0999 /* Products */ = {
			isa = PBXGroup;
			children = (
				FE1FF1EF2135E9B7007C0999 /* Product.h */,
				FE1FF1F02135ED71007C0999 /* SWProduct.swift */,
			);
			path = Products;
			sourceTree = "<group>";
		};
		FE1FF1F22135F1CE007C0999 /* Orders */ = {
			isa = PBXGroup;
			children = (
			);
			path = Orders;
			sourceTree = "<group>";
		};
		FE206D152134A2CE002977AD /* ProductCategory */ = {
			isa = PBXGroup;
			children = (
				FE206D162134A317002977AD /* ProductCategory.h */,
				FE206D172134A3A4002977AD /* SWProductCategory.swift */,
			);
			path = ProductCategory;
			sourceTree = "<group>";
		};
		FE206D192134AF85002977AD /* Agents */ = {
			isa = PBXGroup;
			children = (
				FE206D1A2134AFC2002977AD /* Agent.h */,
				FE1FF1EC2135CC56007C0999 /* SWAgent.swift */,
			);
			path = Agents;
			sourceTree = "<group>";
		};
		FE4476E220E6DE2A008F2E0F /* Account */ = {
			isa = PBXGroup;
			children = (
				C26A503B1F8E1BCB003CDA79 /* SWAccount.swift */,
				FE4476E120E6DE23008F2E0F /* Account.h */,
			);
			path = Account;
			sourceTree = "<group>";
		};
		FE7EC4AF2118DCEE00A6DB1B /* PointOfActivity */ = {
			isa = PBXGroup;
			children = (
				FE7EC4B02118DD2C00A6DB1B /* PointOfActivity.h */,
				FE7EC4B12118E0CE00A6DB1B /* SWPointOfActivity.swift */,
			);
			path = PointOfActivity;
			sourceTree = "<group>";
		};
		FE80AC4B20C4803A00CEA5F4 /* DataAccess */ = {
			isa = PBXGroup;
			children = (
			);
			path = DataAccess;
			sourceTree = "<group>";
		};
		FEBB7A5920F20ACA00E77F32 /* Location */ = {
			isa = PBXGroup;
			children = (
				FEBB7A5A20F20AFA00E77F32 /* Location.h */,
				FEBB7A5B20F20FA500E77F32 /* SWLocation.swift */,
			);
			path = Location;
			sourceTree = "<group>";
		};
/* End PBXGroup section */

/* Begin PBXNativeTarget section */
		C24B27F81F7A3C2100E1685D /* AccountRest */ = {
			isa = PBXNativeTarget;
			buildConfigurationList = C24B280B1F7A3C2200E1685D /* Build configuration list for PBXNativeTarget "AccountRest" */;
			buildPhases = (
				C24B27F51F7A3C2100E1685D /* Sources */,
				C24B27F61F7A3C2100E1685D /* Frameworks */,
				C24B27F71F7A3C2100E1685D /* Resources */,
			);
			buildRules = (
			);
			dependencies = (
			);
			name = AccountRest;
			productName = AccountRest;
			productReference = C24B27F91F7A3C2100E1685D /* AccountRest.app */;
			productType = "com.apple.product-type.application";
		};
/* End PBXNativeTarget section */

/* Begin PBXProject section */
		C24B27F11F7A3C2100E1685D /* Project object */ = {
			isa = PBXProject;
			attributes = {
				LastSwiftUpdateCheck = 0900;
				LastUpgradeCheck = 0930;
				ORGANIZATIONNAME = "Dmitrij Aleinikov";
				TargetAttributes = {
					C24B27F81F7A3C2100E1685D = {
						CreatedOnToolsVersion = 9.0;
						LastSwiftMigration = 0940;
						ProvisioningStyle = Automatic;
					};
				};
			};
			buildConfigurationList = C24B27F41F7A3C2100E1685D /* Build configuration list for PBXProject "AccountRest" */;
			compatibilityVersion = "Xcode 8.0";
			developmentRegion = en;
			hasScannedForEncodings = 0;
			knownRegions = (
				en,
				Base,
			);
			mainGroup = C24B27F01F7A3C2100E1685D;
			productRefGroup = C24B27FA1F7A3C2100E1685D /* Products */;
			projectDirPath = "";
			projectRoot = "";
			targets = (
				C24B27F81F7A3C2100E1685D /* AccountRest */,
			);
		};
/* End PBXProject section */

/* Begin PBXResourcesBuildPhase section */
		C24B27F71F7A3C2100E1685D /* Resources */ = {
			isa = PBXResourcesBuildPhase;
			buildActionMask = 2147483647;
			files = (
				C24B28071F7A3C2200E1685D /* LaunchScreen.storyboard in Resources */,
				C24B28041F7A3C2200E1685D /* Assets.xcassets in Resources */,
				C24B28021F7A3C2100E1685D /* Main.storyboard in Resources */,
				C241B67F1F7A90EC00650FFA /* AccountsBoard.storyboard in Resources */,
				FEDD444920C293AF00834600 /* AccountBoard.storyboard in Resources */,
			);
			runOnlyForDeploymentPostprocessing = 0;
		};
/* End PBXResourcesBuildPhase section */

/* Begin PBXSourcesBuildPhase section */
		C24B27F51F7A3C2100E1685D /* Sources */ = {
			isa = PBXSourcesBuildPhase;
			buildActionMask = 2147483647;
			files = (
				C24B27FF1F7A3C2100E1685D /* MainViewController.swift in Sources */,
				FE1FF1ED2135CC56007C0999 /* SWAgent.swift in Sources */,
				C24B27FD1F7A3C2100E1685D /* AppDelegate.swift in Sources */,
				978F77676FD143A4A0C4C136 /* BanksViewInput.swift in Sources */,
				998C5505E0AF88D4696D7D00 /* BanksViewOutput.swift in Sources */,
				24E24B76BF520D793585CADD /* BanksViewController.swift in Sources */,
				AA55AF1C407F04C6639994C8 /* BanksModuleInput.swift in Sources */,
				72259E0570898C2A8CC95A58 /* BanksPresenter.swift in Sources */,
				1EE7B9E7954802AEF8F36AC6 /* BanksInteractorInput.swift in Sources */,
				06CC99D410CADE72AC9DB49A /* BanksInteractorOutput.swift in Sources */,
				18F5EA43B17A41D64C4F00AE /* BanksInteractor.swift in Sources */,
				20095B6BD202022F54343143 /* BanksRouterInput.swift in Sources */,
				57B2E4F16D076DC466682324 /* BanksRouter.swift in Sources */,
				FE1FF1F12135ED71007C0999 /* SWProduct.swift in Sources */,
				86172406481B1390D06EDFBC /* BanksConfigurator.swift in Sources */,
				61172F9FAB6A319FAB6AE079 /* BanksInitializer.swift in Sources */,
				FEBB7A5C20F20FA500E77F32 /* SWLocation.swift in Sources */,
				81DAB0CEE3DFC2F77E32D86E /* AccountsViewInput.swift in Sources */,
				5DAE4AFFED37813F64CE1091 /* AccountsViewOutput.swift in Sources */,
				FE231D421FA64C1200EFB354 /* SWAccountViewCell.swift in Sources */,
				1844988464CBE171F6E2ECC0 /* AccountsViewController.swift in Sources */,
				DD5C16410C6E718D87274444 /* AccountsModuleInput.swift in Sources */,
				5DBBEFD1579080D238353B6C /* AccountsPresenter.swift in Sources */,
				000B7D88DE1A9D803ECEEC6A /* AccountsInteractorInput.swift in Sources */,
				FE7EC4B22118E0CE00A6DB1B /* SWPointOfActivity.swift in Sources */,
				045B9CB89B48348C6F74EEF6 /* AccountsInteractorOutput.swift in Sources */,
				7AB5482475FB356D7F1CA97E /* AccountsInteractor.swift in Sources */,
				71AC2E6F1DA7CBF3CD8C4153 /* AccountsRouterInput.swift in Sources */,
				CB8C00B80DB9AF4F8D0CF58E /* AccountsRouter.swift in Sources */,
				FE7E0FB720BC897B00F912E3 /* MainViewRenderer.swift in Sources */,
				C26A503C1F8E1BCB003CDA79 /* SWAccount.swift in Sources */,
				CE405B8AB052DE9FAE6FF863 /* AccountsConfigurator.swift in Sources */,
				4A015CA564F59450D106D2A9 /* AccountsInitializer.swift in Sources */,
				B5574CE7CEC79F335C58EA6C /* RestarauntsViewInput.swift in Sources */,
				588B006D1CF5D1E327FA20FA /* RestarauntsViewOutput.swift in Sources */,
				06A2497D48B602C4BF1862C0 /* RestarauntsViewController.swift in Sources */,
				FECE029E20D6B15A00C0B07A /* AccountViewRenderer.swift in Sources */,
				DAED37F385801C5F32B4BDA5 /* RestarauntsModuleInput.swift in Sources */,
				6E21676177632E2C03918AFD /* RestarauntsPresenter.swift in Sources */,
				FEE491CC20DAF3DD005BA89A /* AccountShaders.metal in Sources */,
				94993BC9549A9EC7379F5DB4 /* RestarauntsInteractorInput.swift in Sources */,
				A3A5202A71EDA4E72C776108 /* RestarauntsInteractorOutput.swift in Sources */,
				87CEEC3C59D1920608D17B4A /* RestarauntsInteractor.swift in Sources */,
				AC79530ED6D65574E9060D58 /* RestarauntsRouterInput.swift in Sources */,
				A0F9378AE55E7FB0C89DA23E /* RestarauntsRouter.swift in Sources */,
				31BCAFDB2DD4E90E1A3BD700 /* RestarauntsConfigurator.swift in Sources */,
				9BDB5B3A7CD56FC2B9B03E92 /* RestarauntsInitializer.swift in Sources */,
				80A82D4ED996F97788BECEDE /* ProductsViewInput.swift in Sources */,
				EEB2892FC2AD06861FFD11D0 /* ProductsViewOutput.swift in Sources */,
				70FEDE9CA42F405A5636EDD9 /* ProductsViewController.swift in Sources */,
				3A5678BE13F812A3BB1AC818 /* ProductsModuleInput.swift in Sources */,
				A601463B25A52CB724A239E6 /* ProductsPresenter.swift in Sources */,
				0826FBD944D162DB2DD00F87 /* ProductsInteractorInput.swift in Sources */,
				4DC98C29FADC4A682B6BB170 /* ProductsInteractorOutput.swift in Sources */,
				F597ECA9D05A0F432E081F6D /* ProductsInteractor.swift in Sources */,
				4511D38BA985837096359FF2 /* ProductsRouterInput.swift in Sources */,
				BD145B03844BD928E38B158D /* ProductsRouter.swift in Sources */,
				BC5FFC7AD8598CAEDFFA0CB5 /* ProductsConfigurator.swift in Sources */,
				F3B989C5407E84028B93C362 /* ProductsInitializer.swift in Sources */,
				1D361ADCCF5CC8DC79AA5DB1 /* AccountViewInput.swift in Sources */,
				0B3225E2FB57CEA99C038C34 /* AccountViewOutput.swift in Sources */,
				C7E9B733F168363E79AB93DF /* AccountViewController.swift in Sources */,
				9E0D410991EF0197FC579986 /* AccountModuleInput.swift in Sources */,
				E268B8CB34EDC62F03DF5D80 /* AccountPresenter.swift in Sources */,
				7A184BCBE49877BD2B5F9932 /* AccountInteractorInput.swift in Sources */,
				4FFBB0C6AF97274C77492184 /* AccountInteractorOutput.swift in Sources */,
				DB4DFA8C5078260E7C91AFA1 /* AccountInteractor.swift in Sources */,
				1F27E8842A91EA2898C62581 /* AccountRouterInput.swift in Sources */,
				34532C478749B843928CA92C /* AccountRouter.swift in Sources */,
				70339AA714C4DB25E1FE9B7D /* AccountConfigurator.swift in Sources */,
				6C206F88221DE883D53B49B6 /* AccountInitializer.swift in Sources */,
				FE206D182134A3A4002977AD /* SWProductCategory.swift in Sources */,
			);
			runOnlyForDeploymentPostprocessing = 0;
		};
/* End PBXSourcesBuildPhase section */

/* Begin PBXVariantGroup section */
		C24B28001F7A3C2100E1685D /* Main.storyboard */ = {
			isa = PBXVariantGroup;
			children = (
				C24B28011F7A3C2100E1685D /* Base */,
			);
			name = Main.storyboard;
			sourceTree = "<group>";
		};
		C24B28051F7A3C2200E1685D /* LaunchScreen.storyboard */ = {
			isa = PBXVariantGroup;
			children = (
				C24B28061F7A3C2200E1685D /* Base */,
			);
			name = LaunchScreen.storyboard;
			sourceTree = "<group>";
		};
/* End PBXVariantGroup section */

/* Begin XCBuildConfiguration section */
		C24B28091F7A3C2200E1685D /* Debug */ = {
			isa = XCBuildConfiguration;
			buildSettings = {
				ALWAYS_SEARCH_USER_PATHS = NO;
				CLANG_ANALYZER_NONNULL = YES;
				CLANG_ANALYZER_NUMBER_OBJECT_CONVERSION = YES_AGGRESSIVE;
				CLANG_CXX_LANGUAGE_STANDARD = "gnu++14";
				CLANG_CXX_LIBRARY = "libc++";
				CLANG_ENABLE_MODULES = YES;
				CLANG_ENABLE_OBJC_ARC = YES;
				CLANG_WARN_BLOCK_CAPTURE_AUTORELEASING = YES;
				CLANG_WARN_BOOL_CONVERSION = YES;
				CLANG_WARN_COMMA = YES;
				CLANG_WARN_CONSTANT_CONVERSION = YES;
				CLANG_WARN_DEPRECATED_OBJC_IMPLEMENTATIONS = YES;
				CLANG_WARN_DIRECT_OBJC_ISA_USAGE = YES_ERROR;
				CLANG_WARN_DOCUMENTATION_COMMENTS = YES;
				CLANG_WARN_EMPTY_BODY = YES;
				CLANG_WARN_ENUM_CONVERSION = YES;
				CLANG_WARN_INFINITE_RECURSION = YES;
				CLANG_WARN_INT_CONVERSION = YES;
				CLANG_WARN_NON_LITERAL_NULL_CONVERSION = YES;
				CLANG_WARN_OBJC_IMPLICIT_RETAIN_SELF = YES;
				CLANG_WARN_OBJC_LITERAL_CONVERSION = YES;
				CLANG_WARN_OBJC_ROOT_CLASS = YES_ERROR;
				CLANG_WARN_RANGE_LOOP_ANALYSIS = YES;
				CLANG_WARN_STRICT_PROTOTYPES = YES;
				CLANG_WARN_SUSPICIOUS_MOVE = YES;
				CLANG_WARN_UNGUARDED_AVAILABILITY = YES_AGGRESSIVE;
				CLANG_WARN_UNREACHABLE_CODE = YES;
				CLANG_WARN__DUPLICATE_METHOD_MATCH = YES;
				CODE_SIGN_IDENTITY = "iPhone Developer";
				COPY_PHASE_STRIP = NO;
				DEBUG_INFORMATION_FORMAT = dwarf;
				ENABLE_STRICT_OBJC_MSGSEND = YES;
				ENABLE_TESTABILITY = YES;
				GCC_C_LANGUAGE_STANDARD = gnu11;
				GCC_DYNAMIC_NO_PIC = NO;
				GCC_NO_COMMON_BLOCKS = YES;
				GCC_OPTIMIZATION_LEVEL = 0;
				GCC_PREPROCESSOR_DEFINITIONS = (
					"DEBUG=1",
					"$(inherited)",
				);
				GCC_WARN_64_TO_32_BIT_CONVERSION = YES;
				GCC_WARN_ABOUT_RETURN_TYPE = YES_ERROR;
				GCC_WARN_UNDECLARED_SELECTOR = YES;
				GCC_WARN_UNINITIALIZED_AUTOS = YES_AGGRESSIVE;
				GCC_WARN_UNUSED_FUNCTION = YES;
				GCC_WARN_UNUSED_VARIABLE = YES;
				HEADER_SEARCH_PATHS = /usr/local/include/;
				IPHONEOS_DEPLOYMENT_TARGET = 11.0;
				LIBRARY_SEARCH_PATHS = /usr/local/lib/;
				MTL_ENABLE_DEBUG_INFO = YES;
				ONLY_ACTIVE_ARCH = YES;
				SDKROOT = iphoneos;
				SWIFT_ACTIVE_COMPILATION_CONDITIONS = DEBUG;
				SWIFT_OPTIMIZATION_LEVEL = "-Onone";
			};
			name = Debug;
		};
		C24B280A1F7A3C2200E1685D /* Release */ = {
			isa = XCBuildConfiguration;
			buildSettings = {
				ALWAYS_SEARCH_USER_PATHS = NO;
				CLANG_ANALYZER_NONNULL = YES;
				CLANG_ANALYZER_NUMBER_OBJECT_CONVERSION = YES_AGGRESSIVE;
				CLANG_CXX_LANGUAGE_STANDARD = "gnu++14";
				CLANG_CXX_LIBRARY = "libc++";
				CLANG_ENABLE_MODULES = YES;
				CLANG_ENABLE_OBJC_ARC = YES;
				CLANG_WARN_BLOCK_CAPTURE_AUTORELEASING = YES;
				CLANG_WARN_BOOL_CONVERSION = YES;
				CLANG_WARN_COMMA = YES;
				CLANG_WARN_CONSTANT_CONVERSION = YES;
				CLANG_WARN_DEPRECATED_OBJC_IMPLEMENTATIONS = YES;
				CLANG_WARN_DIRECT_OBJC_ISA_USAGE = YES_ERROR;
				CLANG_WARN_DOCUMENTATION_COMMENTS = YES;
				CLANG_WARN_EMPTY_BODY = YES;
				CLANG_WARN_ENUM_CONVERSION = YES;
				CLANG_WARN_INFINITE_RECURSION = YES;
				CLANG_WARN_INT_CONVERSION = YES;
				CLANG_WARN_NON_LITERAL_NULL_CONVERSION = YES;
				CLANG_WARN_OBJC_IMPLICIT_RETAIN_SELF = YES;
				CLANG_WARN_OBJC_LITERAL_CONVERSION = YES;
				CLANG_WARN_OBJC_ROOT_CLASS = YES_ERROR;
				CLANG_WARN_RANGE_LOOP_ANALYSIS = YES;
				CLANG_WARN_STRICT_PROTOTYPES = YES;
				CLANG_WARN_SUSPICIOUS_MOVE = YES;
				CLANG_WARN_UNGUARDED_AVAILABILITY = YES_AGGRESSIVE;
				CLANG_WARN_UNREACHABLE_CODE = YES;
				CLANG_WARN__DUPLICATE_METHOD_MATCH = YES;
				CODE_SIGN_IDENTITY = "iPhone Developer";
				COPY_PHASE_STRIP = NO;
				DEBUG_INFORMATION_FORMAT = "dwarf-with-dsym";
				ENABLE_NS_ASSERTIONS = NO;
				ENABLE_STRICT_OBJC_MSGSEND = YES;
				GCC_C_LANGUAGE_STANDARD = gnu11;
				GCC_NO_COMMON_BLOCKS = YES;
				GCC_WARN_64_TO_32_BIT_CONVERSION = YES;
				GCC_WARN_ABOUT_RETURN_TYPE = YES_ERROR;
				GCC_WARN_UNDECLARED_SELECTOR = YES;
				GCC_WARN_UNINITIALIZED_AUTOS = YES_AGGRESSIVE;
				GCC_WARN_UNUSED_FUNCTION = YES;
				GCC_WARN_UNUSED_VARIABLE = YES;
				HEADER_SEARCH_PATHS = /usr/local/include/;
				IPHONEOS_DEPLOYMENT_TARGET = 11.0;
				LIBRARY_SEARCH_PATHS = /usr/local/lib/;
				MTL_ENABLE_DEBUG_INFO = NO;
				ONLY_ACTIVE_ARCH = YES;
				SDKROOT = iphoneos;
				SWIFT_OPTIMIZATION_LEVEL = "-Owholemodule";
				VALIDATE_PRODUCT = YES;
			};
			name = Release;
		};
		C24B280C1F7A3C2200E1685D /* Debug */ = {
			isa = XCBuildConfiguration;
			buildSettings = {
				ASSETCATALOG_COMPILER_APPICON_NAME = AppIcon;
				CLANG_ENABLE_MODULES = YES;
				CODE_SIGN_IDENTITY = "iPhone Developer";
				CODE_SIGN_STYLE = Automatic;
				DEVELOPMENT_TEAM = 79E756PTBV;
				INFOPLIST_FILE = AccountRest/Info.plist;
				LD_RUNPATH_SEARCH_PATHS = "$(inherited) @executable_path/Frameworks";
				PRODUCT_BUNDLE_IDENTIFIER = Home.AccountRest;
				PRODUCT_NAME = "$(TARGET_NAME)";
				PROVISIONING_PROFILE_SPECIFIER = "";
				SWIFT_OBJC_BRIDGING_HEADER = "AccountRest/AccountRest-Bridging-Header.h";
				SWIFT_OPTIMIZATION_LEVEL = "-Onone";
				SWIFT_VERSION = 4.0;
				TARGETED_DEVICE_FAMILY = "1,2";
			};
			name = Debug;
		};
		C24B280D1F7A3C2200E1685D /* Release */ = {
			isa = XCBuildConfiguration;
			buildSettings = {
				ASSETCATALOG_COMPILER_APPICON_NAME = AppIcon;
				CLANG_ENABLE_MODULES = YES;
				CODE_SIGN_IDENTITY = "iPhone Developer";
				CODE_SIGN_STYLE = Automatic;
				DEVELOPMENT_TEAM = 79E756PTBV;
				INFOPLIST_FILE = AccountRest/Info.plist;
				LD_RUNPATH_SEARCH_PATHS = "$(inherited) @executable_path/Frameworks";
				PRODUCT_BUNDLE_IDENTIFIER = Home.AccountRest;
				PRODUCT_NAME = "$(TARGET_NAME)";
				PROVISIONING_PROFILE_SPECIFIER = "";
				SWIFT_OBJC_BRIDGING_HEADER = "AccountRest/AccountRest-Bridging-Header.h";
				SWIFT_VERSION = 4.0;
				TARGETED_DEVICE_FAMILY = "1,2";
			};
			name = Release;
		};
/* End XCBuildConfiguration section */

/* Begin XCConfigurationList section */
		C24B27F41F7A3C2100E1685D /* Build configuration list for PBXProject "AccountRest" */ = {
			isa = XCConfigurationList;
			buildConfigurations = (
				C24B28091F7A3C2200E1685D /* Debug */,
				C24B280A1F7A3C2200E1685D /* Release */,
			);
			defaultConfigurationIsVisible = 0;
			defaultConfigurationName = Release;
		};
		C24B280B1F7A3C2200E1685D /* Build configuration list for PBXNativeTarget "AccountRest" */ = {
			isa = XCConfigurationList;
			buildConfigurations = (
				C24B280C1F7A3C2200E1685D /* Debug */,
				C24B280D1F7A3C2200E1685D /* Release */,
			);
			defaultConfigurationIsVisible = 0;
			defaultConfigurationName = Release;
		};
/* End XCConfigurationList section */
	};
	rootObject = C24B27F11F7A3C2100E1685D /* Project object */;
}
